
Microsoft Visual Studio Solution File, Format Version 12.00
# Visual Studio Version 17
VisualStudioVersion = 17.9.34728.123
MinimumVisualStudioVersion = 10.0.40219.1
Project("{8BC9CEB8-8B4A-11D0-8D11-00A0C91BC942}") = "QT_Learn", "QT_Learn.vcxproj", "{97B672BF-D73E-46E3-9FEA-9CB1381851A5}"
EndProject
Global
	GlobalSection(SolutionConfigurationPlatforms) = preSolution
		Debug|x64 = Debug|x64
		Release|x64 = Release|x64
	EndGlobalSection
	GlobalSection(ProjectConfigurationPlatforms) = postSolution
		{97B672BF-D73E-46E3-9FEA-9CB1381851A5}.Debug|x64.ActiveCfg = Debug|x64
		{97B672BF-D73E-46E3-9FEA-9CB1381851A5}.Debug|x64.Build.0 = Debug|x64
		{97B672BF-D73E-46E3-9FEA-9CB1381851A5}.Release|x64.ActiveCfg = Release|x64
		{97B672BF-D73E-46E3-9FEA-9CB1381851A5}.Release|x64.Build.0 = Release|x64
	EndGlobalSection
	GlobalSection(SolutionProperties) = preSolution
		HideSolutionNode = FALSE
	EndGlobalSection
	GlobalSection(ExtensibilityGlobals) = postSolution
		SolutionGuid = {4842F935-B46E-4FAA-A5BF-46DFF710E83D}
	EndGlobalSection
EndGlobal
